
Microsoft Visual Studio Solution File, Format Version 12.00
# Visual Studio Version 17
VisualStudioVersion = 17.14.36518.9
MinimumVisualStudioVersion = 10.0.40219.1
Project("{FAE04EC0-301F-11D3-BF4B-00C04F79EFBC}") = "DetectiveGame", "DetectiveGame.csproj", "{726D8B47-9FA5-484C-B830-A172432340A6}"
EndProject
Project("{FAE04EC0-301F-11D3-BF4B-00C04F79EFBC}") = "DetectiveGame.Tests", "..\DetectiveGame.Tests\DetectiveGame.Tests.csproj", "{7B3F26EA-8060-4A28-BE3C-DBDF624F7FD5}"
	ProjectSection(ProjectDependencies) = postProject
		{726D8B47-9FA5-484C-B830-A172432340A6} = {726D8B47-9FA5-484C-B830-A172432340A6}
	EndProjectSection
EndProject
Global
	GlobalSection(SolutionConfigurationPlatforms) = preSolution
		Debug|Any CPU = Debug|Any CPU
		Release|Any CPU = Release|Any CPU
	EndGlobalSection
	GlobalSection(ProjectConfigurationPlatforms) = postSolution
		{726D8B47-9FA5-484C-B830-A172432340A6}.Debug|Any CPU.ActiveCfg = Debug|Any CPU
		{726D8B47-9FA5-484C-B830-A172432340A6}.Debug|Any CPU.Build.0 = Debug|Any CPU
		{726D8B47-9FA5-484C-B830-A172432340A6}.Release|Any CPU.ActiveCfg = Release|Any CPU
		{726D8B47-9FA5-484C-B830-A172432340A6}.Release|Any CPU.Build.0 = Release|Any CPU
		{7B3F26EA-8060-4A28-BE3C-DBDF624F7FD5}.Debug|Any CPU.ActiveCfg = Debug|Any CPU
		{7B3F26EA-8060-4A28-BE3C-DBDF624F7FD5}.Debug|Any CPU.Build.0 = Debug|Any CPU
		{7B3F26EA-8060-4A28-BE3C-DBDF624F7FD5}.Release|Any CPU.ActiveCfg = Release|Any CPU
		{7B3F26EA-8060-4A28-BE3C-DBDF624F7FD5}.Release|Any CPU.Build.0 = Release|Any CPU
	EndGlobalSection
	GlobalSection(SolutionProperties) = preSolution
		HideSolutionNode = FALSE
	EndGlobalSection
	GlobalSection(ExtensibilityGlobals) = postSolution
		SolutionGuid = {AA705259-5B5E-4A88-BF79-39EA2860910E}
	EndGlobalSection
EndGlobal
